
Microsoft Visual Studio Solution File, Format Version 12.00
# Visual Studio 2012
Project("{FAE04EC0-301F-11D3-BF4B-00C04F79EFBC}") = "BundleDotNet", "BundleDotNet\BundleDotNet.csproj", "{8970CFB5-66D2-4686-8B9D-371A98F37E31}"
EndProject
Project("{FAE04EC0-301F-11D3-BF4B-00C04F79EFBC}") = "BundleDotNetTest", "BundleDotNetTest\BundleDotNetTest.csproj", "{EC50FEC4-05CC-4396-AA25-E3D46A9CFDED}"
	ProjectSection(ProjectDependencies) = postProject
		{8970CFB5-66D2-4686-8B9D-371A98F37E31} = {8970CFB5-66D2-4686-8B9D-371A98F37E31}
	EndProjectSection
EndProject
Global
	GlobalSection(SolutionConfigurationPlatforms) = preSolution
		Debug|Any CPU = Debug|Any CPU
		Release|Any CPU = Release|Any CPU
	EndGlobalSection
	GlobalSection(ProjectConfigurationPlatforms) = postSolution
		{8970CFB5-66D2-4686-8B9D-371A98F37E31}.Debug|Any CPU.ActiveCfg = Debug|Any CPU
		{8970CFB5-66D2-4686-8B9D-371A98F37E31}.Debug|Any CPU.Build.0 = Debug|Any CPU
		{8970CFB5-66D2-4686-8B9D-371A98F37E31}.Release|Any CPU.ActiveCfg = Release|Any CPU
		{8970CFB5-66D2-4686-8B9D-371A98F37E31}.Release|Any CPU.Build.0 = Release|Any CPU
		{EC50FEC4-05CC-4396-AA25-E3D46A9CFDED}.Debug|Any CPU.ActiveCfg = Debug|Any CPU
		{EC50FEC4-05CC-4396-AA25-E3D46A9CFDED}.Debug|Any CPU.Build.0 = Debug|Any CPU
		{EC50FEC4-05CC-4396-AA25-E3D46A9CFDED}.Release|Any CPU.ActiveCfg = Release|Any CPU
		{EC50FEC4-05CC-4396-AA25-E3D46A9CFDED}.Release|Any CPU.Build.0 = Release|Any CPU
	EndGlobalSection
	GlobalSection(SolutionProperties) = preSolution
		HideSolutionNode = FALSE
	EndGlobalSection
EndGlobal
